PODS:
  - Alamofire (4.0.1)
  - LionheartAlamofireClient (1.4.0):
    - Alamofire
  - Nimble (5.1.0)
  - Quick (0.10.0)

DEPENDENCIES:
  - Alamofire
  - LionheartAlamofireClient (from `../`)
  - Nimble
  - Quick

EXTERNAL SOURCES:
  LionheartAlamofireClient:
    :path: "../"

SPEC CHECKSUMS:
  Alamofire: 7682d43245de14874acd142ec137b144aa1dd335
  LionheartAlamofireClient: 7c2b973e842dcbb3b11cf6a4d4c6b82ee96cd781
  Nimble: 5ea121a2eda60440287054cde077fc0ad22227b3
  Quick: 5d290df1c69d5ee2f0729956dcf0fd9a30447eaa

PODFILE CHECKSUM: df70c95f2e7b0e3d70c6da9146616bc6a8a02bd9

COCOAPODS: 1.1.1
