PODS:
  - Alamofire (4.7.3)
  - LionheartAlamofireClient (2.2.3):
    - Alamofire
  - Nimble (7.3.1)
  - Quick (1.3.2)

DEPENDENCIES:
  - Alamofire
  - LionheartAlamofireClient (from `../`)
  - Nimble
  - Quick

SPEC REPOS:
  https://github.com/cocoapods/specs.git:
    - Alamofire
    - Nimble
    - Quick

EXTERNAL SOURCES:
  LionheartAlamofireClient:
    :path: "../"

SPEC CHECKSUMS:
  Alamofire: c7287b6e5d7da964a70935e5db17046b7fde6568
  LionheartAlamofireClient: c101a68eaff5e6858c352557b7fcb9ba9d32e6e6
  Nimble: 04f732da099ea4d153122aec8c2a88fd0c7219ae
  Quick: 2623cb30d7a7f41ca62f684f679586558f483d46

PODFILE CHECKSUM: 3cb29188235b920090933d82054e2e4b2ec2625a

COCOAPODS: 1.5.3
